
Microsoft Visual Studio Solution File, Format Version 12.00
# Visual Studio Version 16
VisualStudioVersion = 16.0.30626.31
MinimumVisualStudioVersion = 10.0.40219.1
Project("{9A19103F-16F7-4668-BE54-9A1E7A4F7556}") = "SarifPatternMatcher", "SarifPatternMatcher\SarifPatternMatcher.csproj", "{C2992FAF-25F2-4001-9A7F-C8EF5498D16E}"
EndProject
Project("{9A19103F-16F7-4668-BE54-9A1E7A4F7556}") = "Test.UnitTests.SarifPatternMatcher", "Test.UnitTests.SarifPatternMatcher\Test.UnitTests.SarifPatternMatcher.csproj", "{4D2CD978-8031-4996-91CF-96C9B8633281}"
EndProject
Project("{9A19103F-16F7-4668-BE54-9A1E7A4F7556}") = "Test.UnitTests.RE2.Managed", "Test.UnitTests.RE2.Managed\Test.UnitTests.RE2.Managed.csproj", "{60987143-1D02-4901-87F2-9580B01EFE2E}"
EndProject
Project("{9A19103F-16F7-4668-BE54-9A1E7A4F7556}") = "Test.UnitTests.String8", "Test.UnitTests.String8\Test.UnitTests.String8.csproj", "{C586AB24-015C-4F58-9B36-2E7CB4034A7C}"
EndProject
Project("{9A19103F-16F7-4668-BE54-9A1E7A4F7556}") = "SarifPatternMatcher.Cli", "SarifPatternMatcher.Cli\SarifPatternMatcher.Cli.csproj", "{EC7ABBF8-3625-423F-9FBA-37AA7524B3F2}"
EndProject
Project("{9A19103F-16F7-4668-BE54-9A1E7A4F7556}") = "Test.UnitTests.SarifPatternMatcher.Cli", "Test.UnitTests.SarifPatternMatcher.Cli\Test.UnitTests.SarifPatternMatcher.Cli.csproj", "{6052B986-0321-4B75-B6F5-97B35AC4F757}"
EndProject
Project("{9A19103F-16F7-4668-BE54-9A1E7A4F7556}") = "RE2.Managed", "RE2.Managed\RE2.Managed.csproj", "{F534976F-B2D3-43F5-83B8-C723763ED9CB}"
EndProject
Project("{9A19103F-16F7-4668-BE54-9A1E7A4F7556}") = "String8", "String8\String8.csproj", "{D8A195CE-0569-45AF-A6E8-A229AF34BA59}"
EndProject
Project("{2150E333-8FDC-42A3-9474-1A3956D46DE8}") = "Solution Items", "Solution Items", "{E5068692-C717-48A4-B1D2-9B0A9791FB5E}"
	ProjectSection(SolutionItems) = preProject
		.editorconfig = .editorconfig
		.ruleset = .ruleset
	EndProjectSection
EndProject
Project("{2150E333-8FDC-42A3-9474-1A3956D46DE8}") = "Plugins", "Plugins", "{50216597-BDEE-4A04-B737-D9C7CD753653}"
EndProject
Project("{9A19103F-16F7-4668-BE54-9A1E7A4F7556}") = "BannedApi", "plugins\BannedApi\BannedApi.csproj", "{EFA9C8AC-549D-4919-BE3B-B58386947908}"
EndProject
Project("{2150E333-8FDC-42A3-9474-1A3956D46DE8}") = "root", "root", "{B599D6C7-953C-4080-AFF9-37BF98FD9C20}"
	ProjectSection(SolutionItems) = preProject
		..\.gitmodules = ..\.gitmodules
		..\azure-pipelines.yml = ..\azure-pipelines.yml
		..\BuildAndTest.cmd = ..\BuildAndTest.cmd
		..\version.json = ..\version.json
	EndProjectSection
EndProject
Project("{2150E333-8FDC-42A3-9474-1A3956D46DE8}") = "Targets", "Targets", "{26CBD8AF-04D5-4E52-8FDE-134AE810BE88}"
	ProjectSection(SolutionItems) = preProject
		..\Targets\build.app.props = ..\Targets\build.app.props
		..\Targets\build.common.props = ..\Targets\build.common.props
		..\Targets\build.lib.props = ..\Targets\build.lib.props
		..\Targets\build.product.props = ..\Targets\build.product.props
		..\Targets\build.test.props = ..\Targets\build.test.props
	EndProjectSection
EndProject
Project("{2150E333-8FDC-42A3-9474-1A3956D46DE8}") = "Scripts", "Scripts", "{04D51365-5125-4231-BE2A-C00016DA96C6}"
	ProjectSection(SolutionItems) = preProject
		..\Scripts\BuildAndTest.ps1 = ..\Scripts\BuildAndTest.ps1
		..\Scripts\BuildPackages.ps1 = ..\Scripts\BuildPackages.ps1
	EndProjectSection
EndProject
Project("{2150E333-8FDC-42A3-9474-1A3956D46DE8}") = "Src", "Src", "{BB9FC0F2-57ED-498F-90B3-8819A9315779}"
	ProjectSection(SolutionItems) = preProject
		.editorconfig = .editorconfig
		.ruleset = .ruleset
		SarifPatternMatcher.runsettings = SarifPatternMatcher.runsettings
		stylecop.json = stylecop.json
	EndProjectSection
EndProject
Project("{9A19103F-16F7-4668-BE54-9A1E7A4F7556}") = "Sarif", "sarif-sdk\src\Sarif\Sarif.csproj", "{18BC6DF8-4005-4634-B20C-22208E493AB5}"
EndProject
Project("{9A19103F-16F7-4668-BE54-9A1E7A4F7556}") = "Sarif.Driver", "sarif-sdk\src\Sarif.Driver\Sarif.Driver.csproj", "{0E9D70B0-39FC-4FEA-9CD6-FA5BDCB31084}"
EndProject
Project("{9A19103F-16F7-4668-BE54-9A1E7A4F7556}") = "PlaintextSecrets", "Plugins\PlaintextSecrets\PlaintextSecrets.csproj", "{4C826466-8223-4749-B9FF-9D1F1EC87943}"
EndProject
Project("{9A19103F-16F7-4668-BE54-9A1E7A4F7556}") = "PotentiallySensitiveData", "Plugins\PotentiallySensitiveData\PotentiallySensitiveData.csproj", "{DCD4C841-992D-4560-80FE-2686F6596893}"
EndProject
Project("{9A19103F-16F7-4668-BE54-9A1E7A4F7556}") = "Test.Utilities.Sarif", "sarif-sdk\src\Test.Utilities.Sarif\Test.Utilities.Sarif.csproj", "{2B8C25D6-A3CC-4A77-BED4-D5FD2D06EBC9}"
EndProject
Project("{9A19103F-16F7-4668-BE54-9A1E7A4F7556}") = "Sarif.Converters", "sarif-sdk\src\Sarif.Converters\Sarif.Converters.csproj", "{8878661F-F229-4DB1-A769-B63294C63826}"
EndProject
Project("{9A19103F-16F7-4668-BE54-9A1E7A4F7556}") = "Tests.BannedApi", "Plugins\Tests.BannedApi\Tests.BannedApi.csproj", "{29E351A4-2F1E-4A86-B975-C3147B227E08}"
EndProject
Project("{9A19103F-16F7-4668-BE54-9A1E7A4F7556}") = "Tests.PlaintextSecrets", "Plugins\Tests.PlaintextSecrets\Tests.PlaintextSecrets.csproj", "{8C74B195-D77B-4693-8E28-18372BD1E4FD}"
EndProject
Project("{9A19103F-16F7-4668-BE54-9A1E7A4F7556}") = "Tests.PotentiallySensitiveData", "Plugins\Tests.PotentiallySensitiveData\Tests.PotentiallySensitiveData.csproj", "{B9669C71-92EA-4E46-A63B-FFE79DDA7C95}"
EndProject
Project("{FAE04EC0-301F-11D3-BF4B-00C04F79EFBC}") = "SensitiveFiles", "Plugins\SensitiveFiles\SensitiveFiles.csproj", "{CE61C911-D4D8-4311-A38D-1371F4CAF687}"
EndProject
Global
	GlobalSection(SolutionConfigurationPlatforms) = preSolution
		Debug|Any CPU = Debug|Any CPU
		Debug|x64 = Debug|x64
		Debug|x86 = Debug|x86
		Release|Any CPU = Release|Any CPU
		Release|x64 = Release|x64
		Release|x86 = Release|x86
	EndGlobalSection
	GlobalSection(ProjectConfigurationPlatforms) = postSolution
		{C2992FAF-25F2-4001-9A7F-C8EF5498D16E}.Debug|Any CPU.ActiveCfg = Debug|Any CPU
		{C2992FAF-25F2-4001-9A7F-C8EF5498D16E}.Debug|Any CPU.Build.0 = Debug|Any CPU
		{C2992FAF-25F2-4001-9A7F-C8EF5498D16E}.Debug|x64.ActiveCfg = Debug|Any CPU
		{C2992FAF-25F2-4001-9A7F-C8EF5498D16E}.Debug|x64.Build.0 = Debug|Any CPU
		{C2992FAF-25F2-4001-9A7F-C8EF5498D16E}.Debug|x86.ActiveCfg = Debug|Any CPU
		{C2992FAF-25F2-4001-9A7F-C8EF5498D16E}.Debug|x86.Build.0 = Debug|Any CPU
		{C2992FAF-25F2-4001-9A7F-C8EF5498D16E}.Release|Any CPU.ActiveCfg = Release|Any CPU
		{C2992FAF-25F2-4001-9A7F-C8EF5498D16E}.Release|Any CPU.Build.0 = Release|Any CPU
		{C2992FAF-25F2-4001-9A7F-C8EF5498D16E}.Release|x64.ActiveCfg = Release|Any CPU
		{C2992FAF-25F2-4001-9A7F-C8EF5498D16E}.Release|x64.Build.0 = Release|Any CPU
		{C2992FAF-25F2-4001-9A7F-C8EF5498D16E}.Release|x86.ActiveCfg = Release|Any CPU
		{C2992FAF-25F2-4001-9A7F-C8EF5498D16E}.Release|x86.Build.0 = Release|Any CPU
		{4D2CD978-8031-4996-91CF-96C9B8633281}.Debug|Any CPU.ActiveCfg = Debug|Any CPU
		{4D2CD978-8031-4996-91CF-96C9B8633281}.Debug|Any CPU.Build.0 = Debug|Any CPU
		{4D2CD978-8031-4996-91CF-96C9B8633281}.Debug|x64.ActiveCfg = Debug|Any CPU
		{4D2CD978-8031-4996-91CF-96C9B8633281}.Debug|x64.Build.0 = Debug|Any CPU
		{4D2CD978-8031-4996-91CF-96C9B8633281}.Debug|x86.ActiveCfg = Debug|Any CPU
		{4D2CD978-8031-4996-91CF-96C9B8633281}.Debug|x86.Build.0 = Debug|Any CPU
		{4D2CD978-8031-4996-91CF-96C9B8633281}.Release|Any CPU.ActiveCfg = Release|Any CPU
		{4D2CD978-8031-4996-91CF-96C9B8633281}.Release|Any CPU.Build.0 = Release|Any CPU
		{4D2CD978-8031-4996-91CF-96C9B8633281}.Release|x64.ActiveCfg = Release|Any CPU
		{4D2CD978-8031-4996-91CF-96C9B8633281}.Release|x64.Build.0 = Release|Any CPU
		{4D2CD978-8031-4996-91CF-96C9B8633281}.Release|x86.ActiveCfg = Release|Any CPU
		{4D2CD978-8031-4996-91CF-96C9B8633281}.Release|x86.Build.0 = Release|Any CPU
		{60987143-1D02-4901-87F2-9580B01EFE2E}.Debug|Any CPU.ActiveCfg = Debug|Any CPU
		{60987143-1D02-4901-87F2-9580B01EFE2E}.Debug|Any CPU.Build.0 = Debug|Any CPU
		{60987143-1D02-4901-87F2-9580B01EFE2E}.Debug|x64.ActiveCfg = Debug|Any CPU
		{60987143-1D02-4901-87F2-9580B01EFE2E}.Debug|x64.Build.0 = Debug|Any CPU
		{60987143-1D02-4901-87F2-9580B01EFE2E}.Debug|x86.ActiveCfg = Debug|Any CPU
		{60987143-1D02-4901-87F2-9580B01EFE2E}.Debug|x86.Build.0 = Debug|Any CPU
		{60987143-1D02-4901-87F2-9580B01EFE2E}.Release|Any CPU.ActiveCfg = Release|Any CPU
		{60987143-1D02-4901-87F2-9580B01EFE2E}.Release|Any CPU.Build.0 = Release|Any CPU
		{60987143-1D02-4901-87F2-9580B01EFE2E}.Release|x64.ActiveCfg = Release|Any CPU
		{60987143-1D02-4901-87F2-9580B01EFE2E}.Release|x64.Build.0 = Release|Any CPU
		{60987143-1D02-4901-87F2-9580B01EFE2E}.Release|x86.ActiveCfg = Release|Any CPU
		{60987143-1D02-4901-87F2-9580B01EFE2E}.Release|x86.Build.0 = Release|Any CPU
		{C586AB24-015C-4F58-9B36-2E7CB4034A7C}.Debug|Any CPU.ActiveCfg = Debug|Any CPU
		{C586AB24-015C-4F58-9B36-2E7CB4034A7C}.Debug|Any CPU.Build.0 = Debug|Any CPU
		{C586AB24-015C-4F58-9B36-2E7CB4034A7C}.Debug|x64.ActiveCfg = Debug|Any CPU
		{C586AB24-015C-4F58-9B36-2E7CB4034A7C}.Debug|x64.Build.0 = Debug|Any CPU
		{C586AB24-015C-4F58-9B36-2E7CB4034A7C}.Debug|x86.ActiveCfg = Debug|Any CPU
		{C586AB24-015C-4F58-9B36-2E7CB4034A7C}.Debug|x86.Build.0 = Debug|Any CPU
		{C586AB24-015C-4F58-9B36-2E7CB4034A7C}.Release|Any CPU.ActiveCfg = Release|Any CPU
		{C586AB24-015C-4F58-9B36-2E7CB4034A7C}.Release|Any CPU.Build.0 = Release|Any CPU
		{C586AB24-015C-4F58-9B36-2E7CB4034A7C}.Release|x64.ActiveCfg = Release|Any CPU
		{C586AB24-015C-4F58-9B36-2E7CB4034A7C}.Release|x64.Build.0 = Release|Any CPU
		{C586AB24-015C-4F58-9B36-2E7CB4034A7C}.Release|x86.ActiveCfg = Release|Any CPU
		{C586AB24-015C-4F58-9B36-2E7CB4034A7C}.Release|x86.Build.0 = Release|Any CPU
		{EC7ABBF8-3625-423F-9FBA-37AA7524B3F2}.Debug|Any CPU.ActiveCfg = Debug|Any CPU
		{EC7ABBF8-3625-423F-9FBA-37AA7524B3F2}.Debug|Any CPU.Build.0 = Debug|Any CPU
		{EC7ABBF8-3625-423F-9FBA-37AA7524B3F2}.Debug|x64.ActiveCfg = Debug|Any CPU
		{EC7ABBF8-3625-423F-9FBA-37AA7524B3F2}.Debug|x64.Build.0 = Debug|Any CPU
		{EC7ABBF8-3625-423F-9FBA-37AA7524B3F2}.Debug|x86.ActiveCfg = Debug|Any CPU
		{EC7ABBF8-3625-423F-9FBA-37AA7524B3F2}.Debug|x86.Build.0 = Debug|Any CPU
		{EC7ABBF8-3625-423F-9FBA-37AA7524B3F2}.Release|Any CPU.ActiveCfg = Release|Any CPU
		{EC7ABBF8-3625-423F-9FBA-37AA7524B3F2}.Release|Any CPU.Build.0 = Release|Any CPU
		{EC7ABBF8-3625-423F-9FBA-37AA7524B3F2}.Release|x64.ActiveCfg = Release|Any CPU
		{EC7ABBF8-3625-423F-9FBA-37AA7524B3F2}.Release|x64.Build.0 = Release|Any CPU
		{EC7ABBF8-3625-423F-9FBA-37AA7524B3F2}.Release|x86.ActiveCfg = Release|Any CPU
		{EC7ABBF8-3625-423F-9FBA-37AA7524B3F2}.Release|x86.Build.0 = Release|Any CPU
		{6052B986-0321-4B75-B6F5-97B35AC4F757}.Debug|Any CPU.ActiveCfg = Debug|Any CPU
		{6052B986-0321-4B75-B6F5-97B35AC4F757}.Debug|Any CPU.Build.0 = Debug|Any CPU
		{6052B986-0321-4B75-B6F5-97B35AC4F757}.Debug|x64.ActiveCfg = Debug|Any CPU
		{6052B986-0321-4B75-B6F5-97B35AC4F757}.Debug|x64.Build.0 = Debug|Any CPU
		{6052B986-0321-4B75-B6F5-97B35AC4F757}.Debug|x86.ActiveCfg = Debug|Any CPU
		{6052B986-0321-4B75-B6F5-97B35AC4F757}.Debug|x86.Build.0 = Debug|Any CPU
		{6052B986-0321-4B75-B6F5-97B35AC4F757}.Release|Any CPU.ActiveCfg = Release|Any CPU
		{6052B986-0321-4B75-B6F5-97B35AC4F757}.Release|Any CPU.Build.0 = Release|Any CPU
		{6052B986-0321-4B75-B6F5-97B35AC4F757}.Release|x64.ActiveCfg = Release|Any CPU
		{6052B986-0321-4B75-B6F5-97B35AC4F757}.Release|x64.Build.0 = Release|Any CPU
		{6052B986-0321-4B75-B6F5-97B35AC4F757}.Release|x86.ActiveCfg = Release|Any CPU
		{6052B986-0321-4B75-B6F5-97B35AC4F757}.Release|x86.Build.0 = Release|Any CPU
		{F534976F-B2D3-43F5-83B8-C723763ED9CB}.Debug|Any CPU.ActiveCfg = Debug|Any CPU
		{F534976F-B2D3-43F5-83B8-C723763ED9CB}.Debug|Any CPU.Build.0 = Debug|Any CPU
		{F534976F-B2D3-43F5-83B8-C723763ED9CB}.Debug|x64.ActiveCfg = Debug|Any CPU
		{F534976F-B2D3-43F5-83B8-C723763ED9CB}.Debug|x64.Build.0 = Debug|Any CPU
		{F534976F-B2D3-43F5-83B8-C723763ED9CB}.Debug|x86.ActiveCfg = Debug|Any CPU
		{F534976F-B2D3-43F5-83B8-C723763ED9CB}.Debug|x86.Build.0 = Debug|Any CPU
		{F534976F-B2D3-43F5-83B8-C723763ED9CB}.Release|Any CPU.ActiveCfg = Release|Any CPU
		{F534976F-B2D3-43F5-83B8-C723763ED9CB}.Release|Any CPU.Build.0 = Release|Any CPU
		{F534976F-B2D3-43F5-83B8-C723763ED9CB}.Release|x64.ActiveCfg = Release|Any CPU
		{F534976F-B2D3-43F5-83B8-C723763ED9CB}.Release|x64.Build.0 = Release|Any CPU
		{F534976F-B2D3-43F5-83B8-C723763ED9CB}.Release|x86.ActiveCfg = Release|Any CPU
		{F534976F-B2D3-43F5-83B8-C723763ED9CB}.Release|x86.Build.0 = Release|Any CPU
		{D8A195CE-0569-45AF-A6E8-A229AF34BA59}.Debug|Any CPU.ActiveCfg = Debug|Any CPU
		{D8A195CE-0569-45AF-A6E8-A229AF34BA59}.Debug|Any CPU.Build.0 = Debug|Any CPU
		{D8A195CE-0569-45AF-A6E8-A229AF34BA59}.Debug|x64.ActiveCfg = Debug|Any CPU
		{D8A195CE-0569-45AF-A6E8-A229AF34BA59}.Debug|x64.Build.0 = Debug|Any CPU
		{D8A195CE-0569-45AF-A6E8-A229AF34BA59}.Debug|x86.ActiveCfg = Debug|Any CPU
		{D8A195CE-0569-45AF-A6E8-A229AF34BA59}.Debug|x86.Build.0 = Debug|Any CPU
		{D8A195CE-0569-45AF-A6E8-A229AF34BA59}.Release|Any CPU.ActiveCfg = Release|Any CPU
		{D8A195CE-0569-45AF-A6E8-A229AF34BA59}.Release|Any CPU.Build.0 = Release|Any CPU
		{D8A195CE-0569-45AF-A6E8-A229AF34BA59}.Release|x64.ActiveCfg = Release|Any CPU
		{D8A195CE-0569-45AF-A6E8-A229AF34BA59}.Release|x64.Build.0 = Release|Any CPU
		{D8A195CE-0569-45AF-A6E8-A229AF34BA59}.Release|x86.ActiveCfg = Release|Any CPU
		{D8A195CE-0569-45AF-A6E8-A229AF34BA59}.Release|x86.Build.0 = Release|Any CPU
		{EFA9C8AC-549D-4919-BE3B-B58386947908}.Debug|Any CPU.ActiveCfg = Debug|Any CPU
		{EFA9C8AC-549D-4919-BE3B-B58386947908}.Debug|Any CPU.Build.0 = Debug|Any CPU
		{EFA9C8AC-549D-4919-BE3B-B58386947908}.Debug|x64.ActiveCfg = Debug|Any CPU
		{EFA9C8AC-549D-4919-BE3B-B58386947908}.Debug|x64.Build.0 = Debug|Any CPU
		{EFA9C8AC-549D-4919-BE3B-B58386947908}.Debug|x86.ActiveCfg = Debug|Any CPU
		{EFA9C8AC-549D-4919-BE3B-B58386947908}.Debug|x86.Build.0 = Debug|Any CPU
		{EFA9C8AC-549D-4919-BE3B-B58386947908}.Release|Any CPU.ActiveCfg = Release|Any CPU
		{EFA9C8AC-549D-4919-BE3B-B58386947908}.Release|Any CPU.Build.0 = Release|Any CPU
		{EFA9C8AC-549D-4919-BE3B-B58386947908}.Release|x64.ActiveCfg = Release|Any CPU
		{EFA9C8AC-549D-4919-BE3B-B58386947908}.Release|x64.Build.0 = Release|Any CPU
		{EFA9C8AC-549D-4919-BE3B-B58386947908}.Release|x86.ActiveCfg = Release|Any CPU
		{EFA9C8AC-549D-4919-BE3B-B58386947908}.Release|x86.Build.0 = Release|Any CPU
		{18BC6DF8-4005-4634-B20C-22208E493AB5}.Debug|Any CPU.ActiveCfg = Debug|Any CPU
		{18BC6DF8-4005-4634-B20C-22208E493AB5}.Debug|Any CPU.Build.0 = Debug|Any CPU
		{18BC6DF8-4005-4634-B20C-22208E493AB5}.Debug|x64.ActiveCfg = Debug|Any CPU
		{18BC6DF8-4005-4634-B20C-22208E493AB5}.Debug|x64.Build.0 = Debug|Any CPU
		{18BC6DF8-4005-4634-B20C-22208E493AB5}.Debug|x86.ActiveCfg = Debug|Any CPU
		{18BC6DF8-4005-4634-B20C-22208E493AB5}.Debug|x86.Build.0 = Debug|Any CPU
		{18BC6DF8-4005-4634-B20C-22208E493AB5}.Release|Any CPU.ActiveCfg = Release|Any CPU
		{18BC6DF8-4005-4634-B20C-22208E493AB5}.Release|Any CPU.Build.0 = Release|Any CPU
		{18BC6DF8-4005-4634-B20C-22208E493AB5}.Release|x64.ActiveCfg = Release|Any CPU
		{18BC6DF8-4005-4634-B20C-22208E493AB5}.Release|x64.Build.0 = Release|Any CPU
		{18BC6DF8-4005-4634-B20C-22208E493AB5}.Release|x86.ActiveCfg = Release|Any CPU
		{18BC6DF8-4005-4634-B20C-22208E493AB5}.Release|x86.Build.0 = Release|Any CPU
		{0E9D70B0-39FC-4FEA-9CD6-FA5BDCB31084}.Debug|Any CPU.ActiveCfg = Debug|Any CPU
		{0E9D70B0-39FC-4FEA-9CD6-FA5BDCB31084}.Debug|Any CPU.Build.0 = Debug|Any CPU
		{0E9D70B0-39FC-4FEA-9CD6-FA5BDCB31084}.Debug|x64.ActiveCfg = Debug|Any CPU
		{0E9D70B0-39FC-4FEA-9CD6-FA5BDCB31084}.Debug|x64.Build.0 = Debug|Any CPU
		{0E9D70B0-39FC-4FEA-9CD6-FA5BDCB31084}.Debug|x86.ActiveCfg = Debug|Any CPU
		{0E9D70B0-39FC-4FEA-9CD6-FA5BDCB31084}.Debug|x86.Build.0 = Debug|Any CPU
		{0E9D70B0-39FC-4FEA-9CD6-FA5BDCB31084}.Release|Any CPU.ActiveCfg = Release|Any CPU
		{0E9D70B0-39FC-4FEA-9CD6-FA5BDCB31084}.Release|Any CPU.Build.0 = Release|Any CPU
		{0E9D70B0-39FC-4FEA-9CD6-FA5BDCB31084}.Release|x64.ActiveCfg = Release|Any CPU
		{0E9D70B0-39FC-4FEA-9CD6-FA5BDCB31084}.Release|x64.Build.0 = Release|Any CPU
		{0E9D70B0-39FC-4FEA-9CD6-FA5BDCB31084}.Release|x86.ActiveCfg = Release|Any CPU
		{0E9D70B0-39FC-4FEA-9CD6-FA5BDCB31084}.Release|x86.Build.0 = Release|Any CPU
		{4C826466-8223-4749-B9FF-9D1F1EC87943}.Debug|Any CPU.ActiveCfg = Debug|Any CPU
		{4C826466-8223-4749-B9FF-9D1F1EC87943}.Debug|Any CPU.Build.0 = Debug|Any CPU
		{4C826466-8223-4749-B9FF-9D1F1EC87943}.Debug|x64.ActiveCfg = Debug|Any CPU
		{4C826466-8223-4749-B9FF-9D1F1EC87943}.Debug|x64.Build.0 = Debug|Any CPU
		{4C826466-8223-4749-B9FF-9D1F1EC87943}.Debug|x86.ActiveCfg = Debug|Any CPU
		{4C826466-8223-4749-B9FF-9D1F1EC87943}.Debug|x86.Build.0 = Debug|Any CPU
		{4C826466-8223-4749-B9FF-9D1F1EC87943}.Release|Any CPU.ActiveCfg = Release|Any CPU
		{4C826466-8223-4749-B9FF-9D1F1EC87943}.Release|Any CPU.Build.0 = Release|Any CPU
		{4C826466-8223-4749-B9FF-9D1F1EC87943}.Release|x64.ActiveCfg = Release|Any CPU
		{4C826466-8223-4749-B9FF-9D1F1EC87943}.Release|x64.Build.0 = Release|Any CPU
		{4C826466-8223-4749-B9FF-9D1F1EC87943}.Release|x86.ActiveCfg = Release|Any CPU
		{4C826466-8223-4749-B9FF-9D1F1EC87943}.Release|x86.Build.0 = Release|Any CPU
		{DCD4C841-992D-4560-80FE-2686F6596893}.Debug|Any CPU.ActiveCfg = Debug|Any CPU
		{DCD4C841-992D-4560-80FE-2686F6596893}.Debug|Any CPU.Build.0 = Debug|Any CPU
		{DCD4C841-992D-4560-80FE-2686F6596893}.Debug|x64.ActiveCfg = Debug|Any CPU
		{DCD4C841-992D-4560-80FE-2686F6596893}.Debug|x64.Build.0 = Debug|Any CPU
		{DCD4C841-992D-4560-80FE-2686F6596893}.Debug|x86.ActiveCfg = Debug|Any CPU
		{DCD4C841-992D-4560-80FE-2686F6596893}.Debug|x86.Build.0 = Debug|Any CPU
		{DCD4C841-992D-4560-80FE-2686F6596893}.Release|Any CPU.ActiveCfg = Release|Any CPU
		{DCD4C841-992D-4560-80FE-2686F6596893}.Release|Any CPU.Build.0 = Release|Any CPU
		{DCD4C841-992D-4560-80FE-2686F6596893}.Release|x64.ActiveCfg = Release|Any CPU
		{DCD4C841-992D-4560-80FE-2686F6596893}.Release|x64.Build.0 = Release|Any CPU
		{DCD4C841-992D-4560-80FE-2686F6596893}.Release|x86.ActiveCfg = Release|Any CPU
		{DCD4C841-992D-4560-80FE-2686F6596893}.Release|x86.Build.0 = Release|Any CPU
		{2B8C25D6-A3CC-4A77-BED4-D5FD2D06EBC9}.Debug|Any CPU.ActiveCfg = Debug|Any CPU
		{2B8C25D6-A3CC-4A77-BED4-D5FD2D06EBC9}.Debug|Any CPU.Build.0 = Debug|Any CPU
		{2B8C25D6-A3CC-4A77-BED4-D5FD2D06EBC9}.Debug|x64.ActiveCfg = Debug|Any CPU
		{2B8C25D6-A3CC-4A77-BED4-D5FD2D06EBC9}.Debug|x64.Build.0 = Debug|Any CPU
		{2B8C25D6-A3CC-4A77-BED4-D5FD2D06EBC9}.Debug|x86.ActiveCfg = Debug|Any CPU
		{2B8C25D6-A3CC-4A77-BED4-D5FD2D06EBC9}.Debug|x86.Build.0 = Debug|Any CPU
		{2B8C25D6-A3CC-4A77-BED4-D5FD2D06EBC9}.Release|Any CPU.ActiveCfg = Release|Any CPU
		{2B8C25D6-A3CC-4A77-BED4-D5FD2D06EBC9}.Release|Any CPU.Build.0 = Release|Any CPU
		{2B8C25D6-A3CC-4A77-BED4-D5FD2D06EBC9}.Release|x64.ActiveCfg = Release|Any CPU
		{2B8C25D6-A3CC-4A77-BED4-D5FD2D06EBC9}.Release|x64.Build.0 = Release|Any CPU
		{2B8C25D6-A3CC-4A77-BED4-D5FD2D06EBC9}.Release|x86.ActiveCfg = Release|Any CPU
		{2B8C25D6-A3CC-4A77-BED4-D5FD2D06EBC9}.Release|x86.Build.0 = Release|Any CPU
		{8878661F-F229-4DB1-A769-B63294C63826}.Debug|Any CPU.ActiveCfg = Debug|Any CPU
		{8878661F-F229-4DB1-A769-B63294C63826}.Debug|Any CPU.Build.0 = Debug|Any CPU
		{8878661F-F229-4DB1-A769-B63294C63826}.Debug|x64.ActiveCfg = Debug|Any CPU
		{8878661F-F229-4DB1-A769-B63294C63826}.Debug|x64.Build.0 = Debug|Any CPU
		{8878661F-F229-4DB1-A769-B63294C63826}.Debug|x86.ActiveCfg = Debug|Any CPU
		{8878661F-F229-4DB1-A769-B63294C63826}.Debug|x86.Build.0 = Debug|Any CPU
		{8878661F-F229-4DB1-A769-B63294C63826}.Release|Any CPU.ActiveCfg = Release|Any CPU
		{8878661F-F229-4DB1-A769-B63294C63826}.Release|Any CPU.Build.0 = Release|Any CPU
		{8878661F-F229-4DB1-A769-B63294C63826}.Release|x64.ActiveCfg = Release|Any CPU
		{8878661F-F229-4DB1-A769-B63294C63826}.Release|x64.Build.0 = Release|Any CPU
		{8878661F-F229-4DB1-A769-B63294C63826}.Release|x86.ActiveCfg = Release|Any CPU
		{8878661F-F229-4DB1-A769-B63294C63826}.Release|x86.Build.0 = Release|Any CPU
		{29E351A4-2F1E-4A86-B975-C3147B227E08}.Debug|Any CPU.ActiveCfg = Debug|Any CPU
		{29E351A4-2F1E-4A86-B975-C3147B227E08}.Debug|Any CPU.Build.0 = Debug|Any CPU
		{29E351A4-2F1E-4A86-B975-C3147B227E08}.Debug|x64.ActiveCfg = Debug|Any CPU
		{29E351A4-2F1E-4A86-B975-C3147B227E08}.Debug|x64.Build.0 = Debug|Any CPU
		{29E351A4-2F1E-4A86-B975-C3147B227E08}.Debug|x86.ActiveCfg = Debug|Any CPU
		{29E351A4-2F1E-4A86-B975-C3147B227E08}.Debug|x86.Build.0 = Debug|Any CPU
		{29E351A4-2F1E-4A86-B975-C3147B227E08}.Release|Any CPU.ActiveCfg = Release|Any CPU
		{29E351A4-2F1E-4A86-B975-C3147B227E08}.Release|Any CPU.Build.0 = Release|Any CPU
		{29E351A4-2F1E-4A86-B975-C3147B227E08}.Release|x64.ActiveCfg = Release|Any CPU
		{29E351A4-2F1E-4A86-B975-C3147B227E08}.Release|x64.Build.0 = Release|Any CPU
		{29E351A4-2F1E-4A86-B975-C3147B227E08}.Release|x86.ActiveCfg = Release|Any CPU
		{29E351A4-2F1E-4A86-B975-C3147B227E08}.Release|x86.Build.0 = Release|Any CPU
		{8C74B195-D77B-4693-8E28-18372BD1E4FD}.Debug|Any CPU.ActiveCfg = Debug|Any CPU
		{8C74B195-D77B-4693-8E28-18372BD1E4FD}.Debug|Any CPU.Build.0 = Debug|Any CPU
		{8C74B195-D77B-4693-8E28-18372BD1E4FD}.Debug|x64.ActiveCfg = Debug|Any CPU
		{8C74B195-D77B-4693-8E28-18372BD1E4FD}.Debug|x64.Build.0 = Debug|Any CPU
		{8C74B195-D77B-4693-8E28-18372BD1E4FD}.Debug|x86.ActiveCfg = Debug|Any CPU
		{8C74B195-D77B-4693-8E28-18372BD1E4FD}.Debug|x86.Build.0 = Debug|Any CPU
		{8C74B195-D77B-4693-8E28-18372BD1E4FD}.Release|Any CPU.ActiveCfg = Release|Any CPU
		{8C74B195-D77B-4693-8E28-18372BD1E4FD}.Release|Any CPU.Build.0 = Release|Any CPU
		{8C74B195-D77B-4693-8E28-18372BD1E4FD}.Release|x64.ActiveCfg = Release|Any CPU
		{8C74B195-D77B-4693-8E28-18372BD1E4FD}.Release|x64.Build.0 = Release|Any CPU
		{8C74B195-D77B-4693-8E28-18372BD1E4FD}.Release|x86.ActiveCfg = Release|Any CPU
		{8C74B195-D77B-4693-8E28-18372BD1E4FD}.Release|x86.Build.0 = Release|Any CPU
		{B9669C71-92EA-4E46-A63B-FFE79DDA7C95}.Debug|Any CPU.ActiveCfg = Debug|Any CPU
		{B9669C71-92EA-4E46-A63B-FFE79DDA7C95}.Debug|Any CPU.Build.0 = Debug|Any CPU
		{B9669C71-92EA-4E46-A63B-FFE79DDA7C95}.Debug|x64.ActiveCfg = Debug|Any CPU
		{B9669C71-92EA-4E46-A63B-FFE79DDA7C95}.Debug|x64.Build.0 = Debug|Any CPU
		{B9669C71-92EA-4E46-A63B-FFE79DDA7C95}.Debug|x86.ActiveCfg = Debug|Any CPU
		{B9669C71-92EA-4E46-A63B-FFE79DDA7C95}.Debug|x86.Build.0 = Debug|Any CPU
		{B9669C71-92EA-4E46-A63B-FFE79DDA7C95}.Release|Any CPU.ActiveCfg = Release|Any CPU
		{B9669C71-92EA-4E46-A63B-FFE79DDA7C95}.Release|Any CPU.Build.0 = Release|Any CPU
		{B9669C71-92EA-4E46-A63B-FFE79DDA7C95}.Release|x64.ActiveCfg = Release|Any CPU
		{B9669C71-92EA-4E46-A63B-FFE79DDA7C95}.Release|x64.Build.0 = Release|Any CPU
		{B9669C71-92EA-4E46-A63B-FFE79DDA7C95}.Release|x86.ActiveCfg = Release|Any CPU
		{B9669C71-92EA-4E46-A63B-FFE79DDA7C95}.Release|x86.Build.0 = Release|Any CPU
	EndGlobalSection
	GlobalSection(SolutionProperties) = preSolution
		HideSolutionNode = FALSE
	EndGlobalSection
	GlobalSection(NestedProjects) = preSolution
		{EFA9C8AC-549D-4919-BE3B-B58386947908} = {50216597-BDEE-4A04-B737-D9C7CD753653}
		{26CBD8AF-04D5-4E52-8FDE-134AE810BE88} = {B599D6C7-953C-4080-AFF9-37BF98FD9C20}
		{04D51365-5125-4231-BE2A-C00016DA96C6} = {B599D6C7-953C-4080-AFF9-37BF98FD9C20}
		{BB9FC0F2-57ED-498F-90B3-8819A9315779} = {B599D6C7-953C-4080-AFF9-37BF98FD9C20}
		{4C826466-8223-4749-B9FF-9D1F1EC87943} = {50216597-BDEE-4A04-B737-D9C7CD753653}
		{DCD4C841-992D-4560-80FE-2686F6596893} = {50216597-BDEE-4A04-B737-D9C7CD753653}
		{8C5AA820-AF63-41FD-9DF1-0685B615400D} = {50216597-BDEE-4A04-B737-D9C7CD753653}
		{136844A1-59AA-4927-A47B-29F72D6C6FBD} = {50216597-BDEE-4A04-B737-D9C7CD753653}
		{CE61C911-D4D8-4311-A38D-1371F4CAF687} = {50216597-BDEE-4A04-B737-D9C7CD753653}
		{29E351A4-2F1E-4A86-B975-C3147B227E08} = {50216597-BDEE-4A04-B737-D9C7CD753653}
		{8C74B195-D77B-4693-8E28-18372BD1E4FD} = {50216597-BDEE-4A04-B737-D9C7CD753653}
		{B9669C71-92EA-4E46-A63B-FFE79DDA7C95} = {50216597-BDEE-4A04-B737-D9C7CD753653}
	EndGlobalSection
	GlobalSection(ExtensibilityGlobals) = postSolution
		SolutionGuid = {31BD334C-6711-44FF-B3E4-FAAC3A5D2F3A}
	EndGlobalSection
EndGlobal
