
Microsoft Visual Studio Solution File, Format Version 12.00
# Visual Studio Version 16
VisualStudioVersion = 16.0.30626.31
MinimumVisualStudioVersion = 10.0.40219.1
Project("{9A19103F-16F7-4668-BE54-9A1E7A4F7556}") = "Test.UnitTests.RE2.Managed", "Test.UnitTests.RE2.Managed\Test.UnitTests.RE2.Managed.csproj", "{60987143-1D02-4901-87F2-9580B01EFE2E}"
EndProject
Project("{9A19103F-16F7-4668-BE54-9A1E7A4F7556}") = "RE2.Managed", "RE2.Managed\RE2.Managed.csproj", "{F534976F-B2D3-43F5-83B8-C723763ED9CB}"
EndProject
Project("{2150E333-8FDC-42A3-9474-1A3956D46DE8}") = "Solution Items", "Solution Items", "{E5068692-C717-48A4-B1D2-9B0A9791FB5E}"
	ProjectSection(SolutionItems) = preProject
		.editorconfig = .editorconfig
		.ruleset = .ruleset
	EndProjectSection
EndProject
Project("{2150E333-8FDC-42A3-9474-1A3956D46DE8}") = "Plugins", "Plugins", "{50216597-BDEE-4A04-B737-D9C7CD753653}"
EndProject
Project("{2150E333-8FDC-42A3-9474-1A3956D46DE8}") = "root", "root", "{B599D6C7-953C-4080-AFF9-37BF98FD9C20}"
	ProjectSection(SolutionItems) = preProject
		..\.gitmodules = ..\.gitmodules
		..\azure-pipelines.yml = ..\azure-pipelines.yml
		..\BuildAndTest.cmd = ..\BuildAndTest.cmd
		..\version.json = ..\version.json
	EndProjectSection
EndProject
Project("{2150E333-8FDC-42A3-9474-1A3956D46DE8}") = "Targets", "Targets", "{26CBD8AF-04D5-4E52-8FDE-134AE810BE88}"
	ProjectSection(SolutionItems) = preProject
		..\Targets\build.app.props = ..\Targets\build.app.props
		..\Targets\build.common.props = ..\Targets\build.common.props
		..\Targets\build.lib.props = ..\Targets\build.lib.props
		..\Targets\build.product.props = ..\Targets\build.product.props
		..\Targets\build.test.props = ..\Targets\build.test.props
	EndProjectSection
EndProject
Project("{2150E333-8FDC-42A3-9474-1A3956D46DE8}") = "Scripts", "Scripts", "{04D51365-5125-4231-BE2A-C00016DA96C6}"
	ProjectSection(SolutionItems) = preProject
		..\Scripts\BuildAndTest.ps1 = ..\Scripts\BuildAndTest.ps1
		..\Scripts\BuildPackages.ps1 = ..\Scripts\BuildPackages.ps1
		..\Scripts\ProcessCodeCoverage.ps1 = ..\Scripts\ProcessCodeCoverage.ps1
	EndProjectSection
EndProject
Project("{2150E333-8FDC-42A3-9474-1A3956D46DE8}") = "Src", "Src", "{BB9FC0F2-57ED-498F-90B3-8819A9315779}"
	ProjectSection(SolutionItems) = preProject
		.editorconfig = .editorconfig
		.ruleset = .ruleset
		SarifPatternMatcher.runsettings = SarifPatternMatcher.runsettings
		stylecop.json = stylecop.json
	EndProjectSection
EndProject
Project("{9A19103F-16F7-4668-BE54-9A1E7A4F7556}") = "Sarif", "sarif-sdk\src\Sarif\Sarif.csproj", "{18BC6DF8-4005-4634-B20C-22208E493AB5}"
EndProject
Project("{9A19103F-16F7-4668-BE54-9A1E7A4F7556}") = "Sarif.Driver", "sarif-sdk\src\Sarif.Driver\Sarif.Driver.csproj", "{0E9D70B0-39FC-4FEA-9CD6-FA5BDCB31084}"
EndProject
Project("{9A19103F-16F7-4668-BE54-9A1E7A4F7556}") = "Test.Utilities.Sarif", "sarif-sdk\src\Test.Utilities.Sarif\Test.Utilities.Sarif.csproj", "{2B8C25D6-A3CC-4A77-BED4-D5FD2D06EBC9}"
EndProject
Project("{9A19103F-16F7-4668-BE54-9A1E7A4F7556}") = "Sarif.Converters", "sarif-sdk\src\Sarif.Converters\Sarif.Converters.csproj", "{8878661F-F229-4DB1-A769-B63294C63826}"
EndProject
Project("{9A19103F-16F7-4668-BE54-9A1E7A4F7556}") = "Security", "Plugins\Security\Security.csproj", "{94F1D306-AEFF-4AE1-995F-B404A92A3C1F}"
EndProject
Project("{9A19103F-16F7-4668-BE54-9A1E7A4F7556}") = "Tests.Security", "Plugins\Tests.Security\Tests.Security.csproj", "{DAB33D14-20D4-4F1E-B751-E46FE5E2B2E2}"
EndProject
Project("{9A19103F-16F7-4668-BE54-9A1E7A4F7556}") = "Strings.Interop", "Strings.Interop\Strings.Interop.csproj", "{BE7D33AA-F35E-4FAE-A7BB-4B1B24864777}"
EndProject
Project("{9A19103F-16F7-4668-BE54-9A1E7A4F7556}") = "Test.UnitTests.Strings.Interop", "Test.UnitTests.Strings.Interop\Test.UnitTests.Strings.Interop.csproj", "{798EC801-361D-45F4-9E1B-BE807500C2DD}"
EndProject
Project("{9A19103F-16F7-4668-BE54-9A1E7A4F7556}") = "Sarif.PatternMatcher", "Sarif.PatternMatcher\Sarif.PatternMatcher.csproj", "{569FFBC3-26FF-4D49-8C1F-2DF69E107CC3}"
EndProject
Project("{9A19103F-16F7-4668-BE54-9A1E7A4F7556}") = "Sarif.PatternMatcher.Cli", "Sarif.PatternMatcher.Cli\Sarif.PatternMatcher.Cli.csproj", "{6B7CFD13-4ABA-4126-A43E-B1C6BA6B7DD3}"
EndProject
Project("{9A19103F-16F7-4668-BE54-9A1E7A4F7556}") = "Test.UnitTests.Sarif.PatternMatcher", "Test.UnitTests.Sarif.PatternMatcher\Test.UnitTests.Sarif.PatternMatcher.csproj", "{41EB001B-BCFD-43F6-89EC-1537216C4F26}"
EndProject
Project("{9A19103F-16F7-4668-BE54-9A1E7A4F7556}") = "Test.UnitTests.Sarif.PatternMatcher.Cli", "Test.UnitTests.Sarif.PatternMatcher.Cli\Test.UnitTests.Sarif.PatternMatcher.Cli.csproj", "{1AB0961C-3C1D-4515-8FD5-E4A42BB3C425}"
EndProject
Project("{FAE04EC0-301F-11D3-BF4B-00C04F79EFBC}") = "Sarif.PatternMatcher.Benchmark", "Sarif.PatternMatcher.Benchmark\Sarif.PatternMatcher.Benchmark.csproj", "{FAACB4CC-5311-4E4D-8C49-D335EF660059}"
EndProject
Global
	GlobalSection(SolutionConfigurationPlatforms) = preSolution
		Debug|Any CPU = Debug|Any CPU
		Debug|x64 = Debug|x64
		Debug|x86 = Debug|x86
		Release|Any CPU = Release|Any CPU
		Release|x64 = Release|x64
		Release|x86 = Release|x86
	EndGlobalSection
	GlobalSection(ProjectConfigurationPlatforms) = postSolution
		{60987143-1D02-4901-87F2-9580B01EFE2E}.Debug|Any CPU.ActiveCfg = Debug|Any CPU
		{60987143-1D02-4901-87F2-9580B01EFE2E}.Debug|Any CPU.Build.0 = Debug|Any CPU
		{60987143-1D02-4901-87F2-9580B01EFE2E}.Debug|x64.ActiveCfg = Debug|Any CPU
		{60987143-1D02-4901-87F2-9580B01EFE2E}.Debug|x64.Build.0 = Debug|Any CPU
		{60987143-1D02-4901-87F2-9580B01EFE2E}.Debug|x86.ActiveCfg = Debug|Any CPU
		{60987143-1D02-4901-87F2-9580B01EFE2E}.Debug|x86.Build.0 = Debug|Any CPU
		{60987143-1D02-4901-87F2-9580B01EFE2E}.Release|Any CPU.ActiveCfg = Release|Any CPU
		{60987143-1D02-4901-87F2-9580B01EFE2E}.Release|Any CPU.Build.0 = Release|Any CPU
		{60987143-1D02-4901-87F2-9580B01EFE2E}.Release|x64.ActiveCfg = Release|Any CPU
		{60987143-1D02-4901-87F2-9580B01EFE2E}.Release|x64.Build.0 = Release|Any CPU
		{60987143-1D02-4901-87F2-9580B01EFE2E}.Release|x86.ActiveCfg = Release|Any CPU
		{60987143-1D02-4901-87F2-9580B01EFE2E}.Release|x86.Build.0 = Release|Any CPU
		{F534976F-B2D3-43F5-83B8-C723763ED9CB}.Debug|Any CPU.ActiveCfg = Debug|Any CPU
		{F534976F-B2D3-43F5-83B8-C723763ED9CB}.Debug|Any CPU.Build.0 = Debug|Any CPU
		{F534976F-B2D3-43F5-83B8-C723763ED9CB}.Debug|x64.ActiveCfg = Debug|Any CPU
		{F534976F-B2D3-43F5-83B8-C723763ED9CB}.Debug|x64.Build.0 = Debug|Any CPU
		{F534976F-B2D3-43F5-83B8-C723763ED9CB}.Debug|x86.ActiveCfg = Debug|Any CPU
		{F534976F-B2D3-43F5-83B8-C723763ED9CB}.Debug|x86.Build.0 = Debug|Any CPU
		{F534976F-B2D3-43F5-83B8-C723763ED9CB}.Release|Any CPU.ActiveCfg = Release|Any CPU
		{F534976F-B2D3-43F5-83B8-C723763ED9CB}.Release|Any CPU.Build.0 = Release|Any CPU
		{F534976F-B2D3-43F5-83B8-C723763ED9CB}.Release|x64.ActiveCfg = Release|Any CPU
		{F534976F-B2D3-43F5-83B8-C723763ED9CB}.Release|x64.Build.0 = Release|Any CPU
		{F534976F-B2D3-43F5-83B8-C723763ED9CB}.Release|x86.ActiveCfg = Release|Any CPU
		{F534976F-B2D3-43F5-83B8-C723763ED9CB}.Release|x86.Build.0 = Release|Any CPU
		{18BC6DF8-4005-4634-B20C-22208E493AB5}.Debug|Any CPU.ActiveCfg = Debug|Any CPU
		{18BC6DF8-4005-4634-B20C-22208E493AB5}.Debug|Any CPU.Build.0 = Debug|Any CPU
		{18BC6DF8-4005-4634-B20C-22208E493AB5}.Debug|x64.ActiveCfg = Debug|Any CPU
		{18BC6DF8-4005-4634-B20C-22208E493AB5}.Debug|x64.Build.0 = Debug|Any CPU
		{18BC6DF8-4005-4634-B20C-22208E493AB5}.Debug|x86.ActiveCfg = Debug|Any CPU
		{18BC6DF8-4005-4634-B20C-22208E493AB5}.Debug|x86.Build.0 = Debug|Any CPU
		{18BC6DF8-4005-4634-B20C-22208E493AB5}.Release|Any CPU.ActiveCfg = Release|Any CPU
		{18BC6DF8-4005-4634-B20C-22208E493AB5}.Release|Any CPU.Build.0 = Release|Any CPU
		{18BC6DF8-4005-4634-B20C-22208E493AB5}.Release|x64.ActiveCfg = Release|Any CPU
		{18BC6DF8-4005-4634-B20C-22208E493AB5}.Release|x64.Build.0 = Release|Any CPU
		{18BC6DF8-4005-4634-B20C-22208E493AB5}.Release|x86.ActiveCfg = Release|Any CPU
		{18BC6DF8-4005-4634-B20C-22208E493AB5}.Release|x86.Build.0 = Release|Any CPU
		{0E9D70B0-39FC-4FEA-9CD6-FA5BDCB31084}.Debug|Any CPU.ActiveCfg = Debug|Any CPU
		{0E9D70B0-39FC-4FEA-9CD6-FA5BDCB31084}.Debug|Any CPU.Build.0 = Debug|Any CPU
		{0E9D70B0-39FC-4FEA-9CD6-FA5BDCB31084}.Debug|x64.ActiveCfg = Debug|Any CPU
		{0E9D70B0-39FC-4FEA-9CD6-FA5BDCB31084}.Debug|x64.Build.0 = Debug|Any CPU
		{0E9D70B0-39FC-4FEA-9CD6-FA5BDCB31084}.Debug|x86.ActiveCfg = Debug|Any CPU
		{0E9D70B0-39FC-4FEA-9CD6-FA5BDCB31084}.Debug|x86.Build.0 = Debug|Any CPU
		{0E9D70B0-39FC-4FEA-9CD6-FA5BDCB31084}.Release|Any CPU.ActiveCfg = Release|Any CPU
		{0E9D70B0-39FC-4FEA-9CD6-FA5BDCB31084}.Release|Any CPU.Build.0 = Release|Any CPU
		{0E9D70B0-39FC-4FEA-9CD6-FA5BDCB31084}.Release|x64.ActiveCfg = Release|Any CPU
		{0E9D70B0-39FC-4FEA-9CD6-FA5BDCB31084}.Release|x64.Build.0 = Release|Any CPU
		{0E9D70B0-39FC-4FEA-9CD6-FA5BDCB31084}.Release|x86.ActiveCfg = Release|Any CPU
		{0E9D70B0-39FC-4FEA-9CD6-FA5BDCB31084}.Release|x86.Build.0 = Release|Any CPU
		{2B8C25D6-A3CC-4A77-BED4-D5FD2D06EBC9}.Debug|Any CPU.ActiveCfg = Debug|Any CPU
		{2B8C25D6-A3CC-4A77-BED4-D5FD2D06EBC9}.Debug|Any CPU.Build.0 = Debug|Any CPU
		{2B8C25D6-A3CC-4A77-BED4-D5FD2D06EBC9}.Debug|x64.ActiveCfg = Debug|Any CPU
		{2B8C25D6-A3CC-4A77-BED4-D5FD2D06EBC9}.Debug|x64.Build.0 = Debug|Any CPU
		{2B8C25D6-A3CC-4A77-BED4-D5FD2D06EBC9}.Debug|x86.ActiveCfg = Debug|Any CPU
		{2B8C25D6-A3CC-4A77-BED4-D5FD2D06EBC9}.Debug|x86.Build.0 = Debug|Any CPU
		{2B8C25D6-A3CC-4A77-BED4-D5FD2D06EBC9}.Release|Any CPU.ActiveCfg = Release|Any CPU
		{2B8C25D6-A3CC-4A77-BED4-D5FD2D06EBC9}.Release|Any CPU.Build.0 = Release|Any CPU
		{2B8C25D6-A3CC-4A77-BED4-D5FD2D06EBC9}.Release|x64.ActiveCfg = Release|Any CPU
		{2B8C25D6-A3CC-4A77-BED4-D5FD2D06EBC9}.Release|x64.Build.0 = Release|Any CPU
		{2B8C25D6-A3CC-4A77-BED4-D5FD2D06EBC9}.Release|x86.ActiveCfg = Release|Any CPU
		{2B8C25D6-A3CC-4A77-BED4-D5FD2D06EBC9}.Release|x86.Build.0 = Release|Any CPU
		{8878661F-F229-4DB1-A769-B63294C63826}.Debug|Any CPU.ActiveCfg = Debug|Any CPU
		{8878661F-F229-4DB1-A769-B63294C63826}.Debug|Any CPU.Build.0 = Debug|Any CPU
		{8878661F-F229-4DB1-A769-B63294C63826}.Debug|x64.ActiveCfg = Debug|Any CPU
		{8878661F-F229-4DB1-A769-B63294C63826}.Debug|x64.Build.0 = Debug|Any CPU
		{8878661F-F229-4DB1-A769-B63294C63826}.Debug|x86.ActiveCfg = Debug|Any CPU
		{8878661F-F229-4DB1-A769-B63294C63826}.Debug|x86.Build.0 = Debug|Any CPU
		{8878661F-F229-4DB1-A769-B63294C63826}.Release|Any CPU.ActiveCfg = Release|Any CPU
		{8878661F-F229-4DB1-A769-B63294C63826}.Release|Any CPU.Build.0 = Release|Any CPU
		{8878661F-F229-4DB1-A769-B63294C63826}.Release|x64.ActiveCfg = Release|Any CPU
		{8878661F-F229-4DB1-A769-B63294C63826}.Release|x64.Build.0 = Release|Any CPU
		{8878661F-F229-4DB1-A769-B63294C63826}.Release|x86.ActiveCfg = Release|Any CPU
		{8878661F-F229-4DB1-A769-B63294C63826}.Release|x86.Build.0 = Release|Any CPU
		{94F1D306-AEFF-4AE1-995F-B404A92A3C1F}.Debug|Any CPU.ActiveCfg = Debug|Any CPU
		{94F1D306-AEFF-4AE1-995F-B404A92A3C1F}.Debug|Any CPU.Build.0 = Debug|Any CPU
		{94F1D306-AEFF-4AE1-995F-B404A92A3C1F}.Debug|x64.ActiveCfg = Debug|Any CPU
		{94F1D306-AEFF-4AE1-995F-B404A92A3C1F}.Debug|x64.Build.0 = Debug|Any CPU
		{94F1D306-AEFF-4AE1-995F-B404A92A3C1F}.Debug|x86.ActiveCfg = Debug|Any CPU
		{94F1D306-AEFF-4AE1-995F-B404A92A3C1F}.Debug|x86.Build.0 = Debug|Any CPU
		{94F1D306-AEFF-4AE1-995F-B404A92A3C1F}.Release|Any CPU.ActiveCfg = Release|Any CPU
		{94F1D306-AEFF-4AE1-995F-B404A92A3C1F}.Release|Any CPU.Build.0 = Release|Any CPU
		{94F1D306-AEFF-4AE1-995F-B404A92A3C1F}.Release|x64.ActiveCfg = Release|Any CPU
		{94F1D306-AEFF-4AE1-995F-B404A92A3C1F}.Release|x64.Build.0 = Release|Any CPU
		{94F1D306-AEFF-4AE1-995F-B404A92A3C1F}.Release|x86.ActiveCfg = Release|Any CPU
		{94F1D306-AEFF-4AE1-995F-B404A92A3C1F}.Release|x86.Build.0 = Release|Any CPU
		{DAB33D14-20D4-4F1E-B751-E46FE5E2B2E2}.Debug|Any CPU.ActiveCfg = Debug|Any CPU
		{DAB33D14-20D4-4F1E-B751-E46FE5E2B2E2}.Debug|Any CPU.Build.0 = Debug|Any CPU
		{DAB33D14-20D4-4F1E-B751-E46FE5E2B2E2}.Debug|x64.ActiveCfg = Debug|Any CPU
		{DAB33D14-20D4-4F1E-B751-E46FE5E2B2E2}.Debug|x64.Build.0 = Debug|Any CPU
		{DAB33D14-20D4-4F1E-B751-E46FE5E2B2E2}.Debug|x86.ActiveCfg = Debug|Any CPU
		{DAB33D14-20D4-4F1E-B751-E46FE5E2B2E2}.Debug|x86.Build.0 = Debug|Any CPU
		{DAB33D14-20D4-4F1E-B751-E46FE5E2B2E2}.Release|Any CPU.ActiveCfg = Release|Any CPU
		{DAB33D14-20D4-4F1E-B751-E46FE5E2B2E2}.Release|Any CPU.Build.0 = Release|Any CPU
		{DAB33D14-20D4-4F1E-B751-E46FE5E2B2E2}.Release|x64.ActiveCfg = Release|Any CPU
		{DAB33D14-20D4-4F1E-B751-E46FE5E2B2E2}.Release|x64.Build.0 = Release|Any CPU
		{DAB33D14-20D4-4F1E-B751-E46FE5E2B2E2}.Release|x86.ActiveCfg = Release|Any CPU
		{DAB33D14-20D4-4F1E-B751-E46FE5E2B2E2}.Release|x86.Build.0 = Release|Any CPU
		{BE7D33AA-F35E-4FAE-A7BB-4B1B24864777}.Debug|Any CPU.ActiveCfg = Debug|Any CPU
		{BE7D33AA-F35E-4FAE-A7BB-4B1B24864777}.Debug|Any CPU.Build.0 = Debug|Any CPU
		{BE7D33AA-F35E-4FAE-A7BB-4B1B24864777}.Debug|x64.ActiveCfg = Debug|Any CPU
		{BE7D33AA-F35E-4FAE-A7BB-4B1B24864777}.Debug|x64.Build.0 = Debug|Any CPU
		{BE7D33AA-F35E-4FAE-A7BB-4B1B24864777}.Debug|x86.ActiveCfg = Debug|Any CPU
		{BE7D33AA-F35E-4FAE-A7BB-4B1B24864777}.Debug|x86.Build.0 = Debug|Any CPU
		{BE7D33AA-F35E-4FAE-A7BB-4B1B24864777}.Release|Any CPU.ActiveCfg = Release|Any CPU
		{BE7D33AA-F35E-4FAE-A7BB-4B1B24864777}.Release|Any CPU.Build.0 = Release|Any CPU
		{BE7D33AA-F35E-4FAE-A7BB-4B1B24864777}.Release|x64.ActiveCfg = Release|Any CPU
		{BE7D33AA-F35E-4FAE-A7BB-4B1B24864777}.Release|x64.Build.0 = Release|Any CPU
		{BE7D33AA-F35E-4FAE-A7BB-4B1B24864777}.Release|x86.ActiveCfg = Release|Any CPU
		{BE7D33AA-F35E-4FAE-A7BB-4B1B24864777}.Release|x86.Build.0 = Release|Any CPU
		{798EC801-361D-45F4-9E1B-BE807500C2DD}.Debug|Any CPU.ActiveCfg = Debug|Any CPU
		{798EC801-361D-45F4-9E1B-BE807500C2DD}.Debug|Any CPU.Build.0 = Debug|Any CPU
		{798EC801-361D-45F4-9E1B-BE807500C2DD}.Debug|x64.ActiveCfg = Debug|Any CPU
		{798EC801-361D-45F4-9E1B-BE807500C2DD}.Debug|x64.Build.0 = Debug|Any CPU
		{798EC801-361D-45F4-9E1B-BE807500C2DD}.Debug|x86.ActiveCfg = Debug|Any CPU
		{798EC801-361D-45F4-9E1B-BE807500C2DD}.Debug|x86.Build.0 = Debug|Any CPU
		{798EC801-361D-45F4-9E1B-BE807500C2DD}.Release|Any CPU.ActiveCfg = Release|Any CPU
		{798EC801-361D-45F4-9E1B-BE807500C2DD}.Release|Any CPU.Build.0 = Release|Any CPU
		{798EC801-361D-45F4-9E1B-BE807500C2DD}.Release|x64.ActiveCfg = Release|Any CPU
		{798EC801-361D-45F4-9E1B-BE807500C2DD}.Release|x64.Build.0 = Release|Any CPU
		{798EC801-361D-45F4-9E1B-BE807500C2DD}.Release|x86.ActiveCfg = Release|Any CPU
		{798EC801-361D-45F4-9E1B-BE807500C2DD}.Release|x86.Build.0 = Release|Any CPU
		{569FFBC3-26FF-4D49-8C1F-2DF69E107CC3}.Debug|Any CPU.ActiveCfg = Debug|Any CPU
		{569FFBC3-26FF-4D49-8C1F-2DF69E107CC3}.Debug|Any CPU.Build.0 = Debug|Any CPU
		{569FFBC3-26FF-4D49-8C1F-2DF69E107CC3}.Debug|x64.ActiveCfg = Debug|Any CPU
		{569FFBC3-26FF-4D49-8C1F-2DF69E107CC3}.Debug|x64.Build.0 = Debug|Any CPU
		{569FFBC3-26FF-4D49-8C1F-2DF69E107CC3}.Debug|x86.ActiveCfg = Debug|Any CPU
		{569FFBC3-26FF-4D49-8C1F-2DF69E107CC3}.Debug|x86.Build.0 = Debug|Any CPU
		{569FFBC3-26FF-4D49-8C1F-2DF69E107CC3}.Release|Any CPU.ActiveCfg = Release|Any CPU
		{569FFBC3-26FF-4D49-8C1F-2DF69E107CC3}.Release|Any CPU.Build.0 = Release|Any CPU
		{569FFBC3-26FF-4D49-8C1F-2DF69E107CC3}.Release|x64.ActiveCfg = Release|Any CPU
		{569FFBC3-26FF-4D49-8C1F-2DF69E107CC3}.Release|x64.Build.0 = Release|Any CPU
		{569FFBC3-26FF-4D49-8C1F-2DF69E107CC3}.Release|x86.ActiveCfg = Release|Any CPU
		{569FFBC3-26FF-4D49-8C1F-2DF69E107CC3}.Release|x86.Build.0 = Release|Any CPU
		{6B7CFD13-4ABA-4126-A43E-B1C6BA6B7DD3}.Debug|Any CPU.ActiveCfg = Debug|Any CPU
		{6B7CFD13-4ABA-4126-A43E-B1C6BA6B7DD3}.Debug|Any CPU.Build.0 = Debug|Any CPU
		{6B7CFD13-4ABA-4126-A43E-B1C6BA6B7DD3}.Debug|x64.ActiveCfg = Debug|Any CPU
		{6B7CFD13-4ABA-4126-A43E-B1C6BA6B7DD3}.Debug|x64.Build.0 = Debug|Any CPU
		{6B7CFD13-4ABA-4126-A43E-B1C6BA6B7DD3}.Debug|x86.ActiveCfg = Debug|Any CPU
		{6B7CFD13-4ABA-4126-A43E-B1C6BA6B7DD3}.Debug|x86.Build.0 = Debug|Any CPU
		{6B7CFD13-4ABA-4126-A43E-B1C6BA6B7DD3}.Release|Any CPU.ActiveCfg = Release|Any CPU
		{6B7CFD13-4ABA-4126-A43E-B1C6BA6B7DD3}.Release|Any CPU.Build.0 = Release|Any CPU
		{6B7CFD13-4ABA-4126-A43E-B1C6BA6B7DD3}.Release|x64.ActiveCfg = Release|Any CPU
		{6B7CFD13-4ABA-4126-A43E-B1C6BA6B7DD3}.Release|x64.Build.0 = Release|Any CPU
		{6B7CFD13-4ABA-4126-A43E-B1C6BA6B7DD3}.Release|x86.ActiveCfg = Release|Any CPU
		{6B7CFD13-4ABA-4126-A43E-B1C6BA6B7DD3}.Release|x86.Build.0 = Release|Any CPU
		{41EB001B-BCFD-43F6-89EC-1537216C4F26}.Debug|Any CPU.ActiveCfg = Debug|Any CPU
		{41EB001B-BCFD-43F6-89EC-1537216C4F26}.Debug|Any CPU.Build.0 = Debug|Any CPU
		{41EB001B-BCFD-43F6-89EC-1537216C4F26}.Debug|x64.ActiveCfg = Debug|Any CPU
		{41EB001B-BCFD-43F6-89EC-1537216C4F26}.Debug|x64.Build.0 = Debug|Any CPU
		{41EB001B-BCFD-43F6-89EC-1537216C4F26}.Debug|x86.ActiveCfg = Debug|Any CPU
		{41EB001B-BCFD-43F6-89EC-1537216C4F26}.Debug|x86.Build.0 = Debug|Any CPU
		{41EB001B-BCFD-43F6-89EC-1537216C4F26}.Release|Any CPU.ActiveCfg = Release|Any CPU
		{41EB001B-BCFD-43F6-89EC-1537216C4F26}.Release|Any CPU.Build.0 = Release|Any CPU
		{41EB001B-BCFD-43F6-89EC-1537216C4F26}.Release|x64.ActiveCfg = Release|Any CPU
		{41EB001B-BCFD-43F6-89EC-1537216C4F26}.Release|x64.Build.0 = Release|Any CPU
		{41EB001B-BCFD-43F6-89EC-1537216C4F26}.Release|x86.ActiveCfg = Release|Any CPU
		{41EB001B-BCFD-43F6-89EC-1537216C4F26}.Release|x86.Build.0 = Release|Any CPU
		{1AB0961C-3C1D-4515-8FD5-E4A42BB3C425}.Debug|Any CPU.ActiveCfg = Debug|Any CPU
		{1AB0961C-3C1D-4515-8FD5-E4A42BB3C425}.Debug|Any CPU.Build.0 = Debug|Any CPU
		{1AB0961C-3C1D-4515-8FD5-E4A42BB3C425}.Debug|x64.ActiveCfg = Debug|Any CPU
		{1AB0961C-3C1D-4515-8FD5-E4A42BB3C425}.Debug|x64.Build.0 = Debug|Any CPU
		{1AB0961C-3C1D-4515-8FD5-E4A42BB3C425}.Debug|x86.ActiveCfg = Debug|Any CPU
		{1AB0961C-3C1D-4515-8FD5-E4A42BB3C425}.Debug|x86.Build.0 = Debug|Any CPU
		{1AB0961C-3C1D-4515-8FD5-E4A42BB3C425}.Release|Any CPU.ActiveCfg = Release|Any CPU
		{1AB0961C-3C1D-4515-8FD5-E4A42BB3C425}.Release|Any CPU.Build.0 = Release|Any CPU
		{1AB0961C-3C1D-4515-8FD5-E4A42BB3C425}.Release|x64.ActiveCfg = Release|Any CPU
		{1AB0961C-3C1D-4515-8FD5-E4A42BB3C425}.Release|x64.Build.0 = Release|Any CPU
		{1AB0961C-3C1D-4515-8FD5-E4A42BB3C425}.Release|x86.ActiveCfg = Release|Any CPU
		{1AB0961C-3C1D-4515-8FD5-E4A42BB3C425}.Release|x86.Build.0 = Release|Any CPU
		{FAACB4CC-5311-4E4D-8C49-D335EF660059}.Debug|Any CPU.ActiveCfg = Debug|Any CPU
		{FAACB4CC-5311-4E4D-8C49-D335EF660059}.Debug|Any CPU.Build.0 = Debug|Any CPU
		{FAACB4CC-5311-4E4D-8C49-D335EF660059}.Debug|x64.ActiveCfg = Debug|Any CPU
		{FAACB4CC-5311-4E4D-8C49-D335EF660059}.Debug|x64.Build.0 = Debug|Any CPU
		{FAACB4CC-5311-4E4D-8C49-D335EF660059}.Debug|x86.ActiveCfg = Debug|Any CPU
		{FAACB4CC-5311-4E4D-8C49-D335EF660059}.Debug|x86.Build.0 = Debug|Any CPU
		{FAACB4CC-5311-4E4D-8C49-D335EF660059}.Release|Any CPU.ActiveCfg = Release|Any CPU
		{FAACB4CC-5311-4E4D-8C49-D335EF660059}.Release|Any CPU.Build.0 = Release|Any CPU
		{FAACB4CC-5311-4E4D-8C49-D335EF660059}.Release|x64.ActiveCfg = Release|Any CPU
		{FAACB4CC-5311-4E4D-8C49-D335EF660059}.Release|x64.Build.0 = Release|Any CPU
		{FAACB4CC-5311-4E4D-8C49-D335EF660059}.Release|x86.ActiveCfg = Release|Any CPU
		{FAACB4CC-5311-4E4D-8C49-D335EF660059}.Release|x86.Build.0 = Release|Any CPU
	EndGlobalSection
	GlobalSection(SolutionProperties) = preSolution
		HideSolutionNode = FALSE
	EndGlobalSection
	GlobalSection(NestedProjects) = preSolution
		{26CBD8AF-04D5-4E52-8FDE-134AE810BE88} = {B599D6C7-953C-4080-AFF9-37BF98FD9C20}
		{04D51365-5125-4231-BE2A-C00016DA96C6} = {B599D6C7-953C-4080-AFF9-37BF98FD9C20}
		{BB9FC0F2-57ED-498F-90B3-8819A9315779} = {B599D6C7-953C-4080-AFF9-37BF98FD9C20}
		{94F1D306-AEFF-4AE1-995F-B404A92A3C1F} = {50216597-BDEE-4A04-B737-D9C7CD753653}
		{DAB33D14-20D4-4F1E-B751-E46FE5E2B2E2} = {50216597-BDEE-4A04-B737-D9C7CD753653}
	EndGlobalSection
	GlobalSection(ExtensibilityGlobals) = postSolution
		SolutionGuid = {31BD334C-6711-44FF-B3E4-FAAC3A5D2F3A}
	EndGlobalSection
EndGlobal
