
Microsoft Visual Studio Solution File, Format Version 12.00
# Visual Studio Version 16
VisualStudioVersion = 16.0.30626.31
MinimumVisualStudioVersion = 10.0.40219.1
Project("{9A19103F-16F7-4668-BE54-9A1E7A4F7556}") = "SarifPatternMatcher", "SarifPatternMatcher\SarifPatternMatcher.csproj", "{C2992FAF-25F2-4001-9A7F-C8EF5498D16E}"
EndProject
Project("{9A19103F-16F7-4668-BE54-9A1E7A4F7556}") = "Test.UnitTests.SarifPatternMatcher", "Test.UnitTests.SarifPatternMatcher\Test.UnitTests.SarifPatternMatcher.csproj", "{4D2CD978-8031-4996-91CF-96C9B8633281}"
EndProject
Project("{9A19103F-16F7-4668-BE54-9A1E7A4F7556}") = "Test.UnitTests.RE2.Managed", "Test.UnitTests.RE2.Managed\Test.UnitTests.RE2.Managed.csproj", "{60987143-1D02-4901-87F2-9580B01EFE2E}"
EndProject
Project("{9A19103F-16F7-4668-BE54-9A1E7A4F7556}") = "Test.UnitTests.String8", "Test.UnitTests.String8\Test.UnitTests.String8.csproj", "{C586AB24-015C-4F58-9B36-2E7CB4034A7C}"
EndProject
Project("{9A19103F-16F7-4668-BE54-9A1E7A4F7556}") = "SarifPatternMatcher.Cli", "SarifPatternMatcher.Cli\SarifPatternMatcher.Cli.csproj", "{EC7ABBF8-3625-423F-9FBA-37AA7524B3F2}"
EndProject
Project("{9A19103F-16F7-4668-BE54-9A1E7A4F7556}") = "Test.UnitTests.SarifPatternMatcher.Cli", "Test.UnitTests.SarifPatternMatcher.Cli\Test.UnitTests.SarifPatternMatcher.Cli.csproj", "{6052B986-0321-4B75-B6F5-97B35AC4F757}"
EndProject
Project("{9A19103F-16F7-4668-BE54-9A1E7A4F7556}") = "RE2.Managed", "RE2.Managed\RE2.Managed.csproj", "{F534976F-B2D3-43F5-83B8-C723763ED9CB}"
EndProject
Project("{9A19103F-16F7-4668-BE54-9A1E7A4F7556}") = "String8", "String8\String8.csproj", "{D8A195CE-0569-45AF-A6E8-A229AF34BA59}"
EndProject
Project("{2150E333-8FDC-42A3-9474-1A3956D46DE8}") = "Solution Items", "Solution Items", "{E5068692-C717-48A4-B1D2-9B0A9791FB5E}"
	ProjectSection(SolutionItems) = preProject
		.editorconfig = .editorconfig
	EndProjectSection
EndProject
Project("{2150E333-8FDC-42A3-9474-1A3956D46DE8}") = "Plugins", "Plugins", "{50216597-BDEE-4A04-B737-D9C7CD753653}"
EndProject
Project("{9A19103F-16F7-4668-BE54-9A1E7A4F7556}") = "BannedApi", "plugins\BannedApi\BannedApi.csproj", "{EFA9C8AC-549D-4919-BE3B-B58386947908}"
EndProject
Project("{9A19103F-16F7-4668-BE54-9A1E7A4F7556}") = "Test.UnitTests.BannedApi", "plugins\Test.UnitTests.BannedApi\Test.UnitTests.BannedApi.csproj", "{CF76D2FF-2C62-4151-93D3-7715E9EF6A5D}"
EndProject
Project("{2150E333-8FDC-42A3-9474-1A3956D46DE8}") = "root", "root", "{B599D6C7-953C-4080-AFF9-37BF98FD9C20}"
	ProjectSection(SolutionItems) = preProject
		..\.gitmodules = ..\.gitmodules
		..\azure-pipelines.yml = ..\azure-pipelines.yml
		..\BuildAndTest.cmd = ..\BuildAndTest.cmd
		..\version.json = ..\version.json
	EndProjectSection
EndProject
Project("{2150E333-8FDC-42A3-9474-1A3956D46DE8}") = "Targets", "Targets", "{26CBD8AF-04D5-4E52-8FDE-134AE810BE88}"
	ProjectSection(SolutionItems) = preProject
		..\Targets\build.app.props = ..\Targets\build.app.props
		..\Targets\build.common.props = ..\Targets\build.common.props
		..\Targets\build.lib.props = ..\Targets\build.lib.props
		..\Targets\build.product.props = ..\Targets\build.product.props
		..\Targets\build.test.props = ..\Targets\build.test.props
	EndProjectSection
EndProject
Project("{2150E333-8FDC-42A3-9474-1A3956D46DE8}") = "Scripts", "Scripts", "{04D51365-5125-4231-BE2A-C00016DA96C6}"
	ProjectSection(SolutionItems) = preProject
		..\Scripts\BuildAndTest.cmd = ..\Scripts\BuildAndTest.cmd
	EndProjectSection
EndProject
Project("{2150E333-8FDC-42A3-9474-1A3956D46DE8}") = "Src", "Src", "{BB9FC0F2-57ED-498F-90B3-8819A9315779}"
	ProjectSection(SolutionItems) = preProject
		.editorconfig = .editorconfig
		.ruleset = .ruleset
		stylecop.json = stylecop.json
	EndProjectSection
EndProject
Global
	GlobalSection(SolutionConfigurationPlatforms) = preSolution
		Debug|Any CPU = Debug|Any CPU
		Debug|x64 = Debug|x64
		Debug|x86 = Debug|x86
		Release|Any CPU = Release|Any CPU
		Release|x64 = Release|x64
		Release|x86 = Release|x86
	EndGlobalSection
	GlobalSection(ProjectConfigurationPlatforms) = postSolution
		{C2992FAF-25F2-4001-9A7F-C8EF5498D16E}.Debug|Any CPU.ActiveCfg = Debug|Any CPU
		{C2992FAF-25F2-4001-9A7F-C8EF5498D16E}.Debug|Any CPU.Build.0 = Debug|Any CPU
		{C2992FAF-25F2-4001-9A7F-C8EF5498D16E}.Debug|x64.ActiveCfg = Debug|Any CPU
		{C2992FAF-25F2-4001-9A7F-C8EF5498D16E}.Debug|x64.Build.0 = Debug|Any CPU
		{C2992FAF-25F2-4001-9A7F-C8EF5498D16E}.Debug|x86.ActiveCfg = Debug|Any CPU
		{C2992FAF-25F2-4001-9A7F-C8EF5498D16E}.Debug|x86.Build.0 = Debug|Any CPU
		{C2992FAF-25F2-4001-9A7F-C8EF5498D16E}.Release|Any CPU.ActiveCfg = Release|Any CPU
		{C2992FAF-25F2-4001-9A7F-C8EF5498D16E}.Release|Any CPU.Build.0 = Release|Any CPU
		{C2992FAF-25F2-4001-9A7F-C8EF5498D16E}.Release|x64.ActiveCfg = Release|Any CPU
		{C2992FAF-25F2-4001-9A7F-C8EF5498D16E}.Release|x64.Build.0 = Release|Any CPU
		{C2992FAF-25F2-4001-9A7F-C8EF5498D16E}.Release|x86.ActiveCfg = Release|Any CPU
		{C2992FAF-25F2-4001-9A7F-C8EF5498D16E}.Release|x86.Build.0 = Release|Any CPU
		{4D2CD978-8031-4996-91CF-96C9B8633281}.Debug|Any CPU.ActiveCfg = Debug|Any CPU
		{4D2CD978-8031-4996-91CF-96C9B8633281}.Debug|Any CPU.Build.0 = Debug|Any CPU
		{4D2CD978-8031-4996-91CF-96C9B8633281}.Debug|x64.ActiveCfg = Debug|Any CPU
		{4D2CD978-8031-4996-91CF-96C9B8633281}.Debug|x64.Build.0 = Debug|Any CPU
		{4D2CD978-8031-4996-91CF-96C9B8633281}.Debug|x86.ActiveCfg = Debug|Any CPU
		{4D2CD978-8031-4996-91CF-96C9B8633281}.Debug|x86.Build.0 = Debug|Any CPU
		{4D2CD978-8031-4996-91CF-96C9B8633281}.Release|Any CPU.ActiveCfg = Release|Any CPU
		{4D2CD978-8031-4996-91CF-96C9B8633281}.Release|Any CPU.Build.0 = Release|Any CPU
		{4D2CD978-8031-4996-91CF-96C9B8633281}.Release|x64.ActiveCfg = Release|Any CPU
		{4D2CD978-8031-4996-91CF-96C9B8633281}.Release|x64.Build.0 = Release|Any CPU
		{4D2CD978-8031-4996-91CF-96C9B8633281}.Release|x86.ActiveCfg = Release|Any CPU
		{4D2CD978-8031-4996-91CF-96C9B8633281}.Release|x86.Build.0 = Release|Any CPU
		{60987143-1D02-4901-87F2-9580B01EFE2E}.Debug|Any CPU.ActiveCfg = Debug|Any CPU
		{60987143-1D02-4901-87F2-9580B01EFE2E}.Debug|Any CPU.Build.0 = Debug|Any CPU
		{60987143-1D02-4901-87F2-9580B01EFE2E}.Debug|x64.ActiveCfg = Debug|Any CPU
		{60987143-1D02-4901-87F2-9580B01EFE2E}.Debug|x64.Build.0 = Debug|Any CPU
		{60987143-1D02-4901-87F2-9580B01EFE2E}.Debug|x86.ActiveCfg = Debug|Any CPU
		{60987143-1D02-4901-87F2-9580B01EFE2E}.Debug|x86.Build.0 = Debug|Any CPU
		{60987143-1D02-4901-87F2-9580B01EFE2E}.Release|Any CPU.ActiveCfg = Release|Any CPU
		{60987143-1D02-4901-87F2-9580B01EFE2E}.Release|Any CPU.Build.0 = Release|Any CPU
		{60987143-1D02-4901-87F2-9580B01EFE2E}.Release|x64.ActiveCfg = Release|Any CPU
		{60987143-1D02-4901-87F2-9580B01EFE2E}.Release|x64.Build.0 = Release|Any CPU
		{60987143-1D02-4901-87F2-9580B01EFE2E}.Release|x86.ActiveCfg = Release|Any CPU
		{60987143-1D02-4901-87F2-9580B01EFE2E}.Release|x86.Build.0 = Release|Any CPU
		{C586AB24-015C-4F58-9B36-2E7CB4034A7C}.Debug|Any CPU.ActiveCfg = Debug|Any CPU
		{C586AB24-015C-4F58-9B36-2E7CB4034A7C}.Debug|Any CPU.Build.0 = Debug|Any CPU
		{C586AB24-015C-4F58-9B36-2E7CB4034A7C}.Debug|x64.ActiveCfg = Debug|Any CPU
		{C586AB24-015C-4F58-9B36-2E7CB4034A7C}.Debug|x64.Build.0 = Debug|Any CPU
		{C586AB24-015C-4F58-9B36-2E7CB4034A7C}.Debug|x86.ActiveCfg = Debug|Any CPU
		{C586AB24-015C-4F58-9B36-2E7CB4034A7C}.Debug|x86.Build.0 = Debug|Any CPU
		{C586AB24-015C-4F58-9B36-2E7CB4034A7C}.Release|Any CPU.ActiveCfg = Release|Any CPU
		{C586AB24-015C-4F58-9B36-2E7CB4034A7C}.Release|Any CPU.Build.0 = Release|Any CPU
		{C586AB24-015C-4F58-9B36-2E7CB4034A7C}.Release|x64.ActiveCfg = Release|Any CPU
		{C586AB24-015C-4F58-9B36-2E7CB4034A7C}.Release|x64.Build.0 = Release|Any CPU
		{C586AB24-015C-4F58-9B36-2E7CB4034A7C}.Release|x86.ActiveCfg = Release|Any CPU
		{C586AB24-015C-4F58-9B36-2E7CB4034A7C}.Release|x86.Build.0 = Release|Any CPU
		{EC7ABBF8-3625-423F-9FBA-37AA7524B3F2}.Debug|Any CPU.ActiveCfg = Debug|Any CPU
		{EC7ABBF8-3625-423F-9FBA-37AA7524B3F2}.Debug|Any CPU.Build.0 = Debug|Any CPU
		{EC7ABBF8-3625-423F-9FBA-37AA7524B3F2}.Debug|x64.ActiveCfg = Debug|Any CPU
		{EC7ABBF8-3625-423F-9FBA-37AA7524B3F2}.Debug|x64.Build.0 = Debug|Any CPU
		{EC7ABBF8-3625-423F-9FBA-37AA7524B3F2}.Debug|x86.ActiveCfg = Debug|Any CPU
		{EC7ABBF8-3625-423F-9FBA-37AA7524B3F2}.Debug|x86.Build.0 = Debug|Any CPU
		{EC7ABBF8-3625-423F-9FBA-37AA7524B3F2}.Release|Any CPU.ActiveCfg = Release|Any CPU
		{EC7ABBF8-3625-423F-9FBA-37AA7524B3F2}.Release|Any CPU.Build.0 = Release|Any CPU
		{EC7ABBF8-3625-423F-9FBA-37AA7524B3F2}.Release|x64.ActiveCfg = Release|Any CPU
		{EC7ABBF8-3625-423F-9FBA-37AA7524B3F2}.Release|x64.Build.0 = Release|Any CPU
		{EC7ABBF8-3625-423F-9FBA-37AA7524B3F2}.Release|x86.ActiveCfg = Release|Any CPU
		{EC7ABBF8-3625-423F-9FBA-37AA7524B3F2}.Release|x86.Build.0 = Release|Any CPU
		{6052B986-0321-4B75-B6F5-97B35AC4F757}.Debug|Any CPU.ActiveCfg = Debug|Any CPU
		{6052B986-0321-4B75-B6F5-97B35AC4F757}.Debug|Any CPU.Build.0 = Debug|Any CPU
		{6052B986-0321-4B75-B6F5-97B35AC4F757}.Debug|x64.ActiveCfg = Debug|Any CPU
		{6052B986-0321-4B75-B6F5-97B35AC4F757}.Debug|x64.Build.0 = Debug|Any CPU
		{6052B986-0321-4B75-B6F5-97B35AC4F757}.Debug|x86.ActiveCfg = Debug|Any CPU
		{6052B986-0321-4B75-B6F5-97B35AC4F757}.Debug|x86.Build.0 = Debug|Any CPU
		{6052B986-0321-4B75-B6F5-97B35AC4F757}.Release|Any CPU.ActiveCfg = Release|Any CPU
		{6052B986-0321-4B75-B6F5-97B35AC4F757}.Release|Any CPU.Build.0 = Release|Any CPU
		{6052B986-0321-4B75-B6F5-97B35AC4F757}.Release|x64.ActiveCfg = Release|Any CPU
		{6052B986-0321-4B75-B6F5-97B35AC4F757}.Release|x64.Build.0 = Release|Any CPU
		{6052B986-0321-4B75-B6F5-97B35AC4F757}.Release|x86.ActiveCfg = Release|Any CPU
		{6052B986-0321-4B75-B6F5-97B35AC4F757}.Release|x86.Build.0 = Release|Any CPU
		{F534976F-B2D3-43F5-83B8-C723763ED9CB}.Debug|Any CPU.ActiveCfg = Debug|Any CPU
		{F534976F-B2D3-43F5-83B8-C723763ED9CB}.Debug|Any CPU.Build.0 = Debug|Any CPU
		{F534976F-B2D3-43F5-83B8-C723763ED9CB}.Debug|x64.ActiveCfg = Debug|Any CPU
		{F534976F-B2D3-43F5-83B8-C723763ED9CB}.Debug|x64.Build.0 = Debug|Any CPU
		{F534976F-B2D3-43F5-83B8-C723763ED9CB}.Debug|x86.ActiveCfg = Debug|Any CPU
		{F534976F-B2D3-43F5-83B8-C723763ED9CB}.Debug|x86.Build.0 = Debug|Any CPU
		{F534976F-B2D3-43F5-83B8-C723763ED9CB}.Release|Any CPU.ActiveCfg = Release|Any CPU
		{F534976F-B2D3-43F5-83B8-C723763ED9CB}.Release|Any CPU.Build.0 = Release|Any CPU
		{F534976F-B2D3-43F5-83B8-C723763ED9CB}.Release|x64.ActiveCfg = Release|Any CPU
		{F534976F-B2D3-43F5-83B8-C723763ED9CB}.Release|x64.Build.0 = Release|Any CPU
		{F534976F-B2D3-43F5-83B8-C723763ED9CB}.Release|x86.ActiveCfg = Release|Any CPU
		{F534976F-B2D3-43F5-83B8-C723763ED9CB}.Release|x86.Build.0 = Release|Any CPU
		{D8A195CE-0569-45AF-A6E8-A229AF34BA59}.Debug|Any CPU.ActiveCfg = Debug|Any CPU
		{D8A195CE-0569-45AF-A6E8-A229AF34BA59}.Debug|Any CPU.Build.0 = Debug|Any CPU
		{D8A195CE-0569-45AF-A6E8-A229AF34BA59}.Debug|x64.ActiveCfg = Debug|Any CPU
		{D8A195CE-0569-45AF-A6E8-A229AF34BA59}.Debug|x64.Build.0 = Debug|Any CPU
		{D8A195CE-0569-45AF-A6E8-A229AF34BA59}.Debug|x86.ActiveCfg = Debug|Any CPU
		{D8A195CE-0569-45AF-A6E8-A229AF34BA59}.Debug|x86.Build.0 = Debug|Any CPU
		{D8A195CE-0569-45AF-A6E8-A229AF34BA59}.Release|Any CPU.ActiveCfg = Release|Any CPU
		{D8A195CE-0569-45AF-A6E8-A229AF34BA59}.Release|Any CPU.Build.0 = Release|Any CPU
		{D8A195CE-0569-45AF-A6E8-A229AF34BA59}.Release|x64.ActiveCfg = Release|Any CPU
		{D8A195CE-0569-45AF-A6E8-A229AF34BA59}.Release|x64.Build.0 = Release|Any CPU
		{D8A195CE-0569-45AF-A6E8-A229AF34BA59}.Release|x86.ActiveCfg = Release|Any CPU
		{D8A195CE-0569-45AF-A6E8-A229AF34BA59}.Release|x86.Build.0 = Release|Any CPU
		{EFA9C8AC-549D-4919-BE3B-B58386947908}.Debug|Any CPU.ActiveCfg = Debug|Any CPU
		{EFA9C8AC-549D-4919-BE3B-B58386947908}.Debug|Any CPU.Build.0 = Debug|Any CPU
		{EFA9C8AC-549D-4919-BE3B-B58386947908}.Debug|x64.ActiveCfg = Debug|Any CPU
		{EFA9C8AC-549D-4919-BE3B-B58386947908}.Debug|x64.Build.0 = Debug|Any CPU
		{EFA9C8AC-549D-4919-BE3B-B58386947908}.Debug|x86.ActiveCfg = Debug|Any CPU
		{EFA9C8AC-549D-4919-BE3B-B58386947908}.Debug|x86.Build.0 = Debug|Any CPU
		{EFA9C8AC-549D-4919-BE3B-B58386947908}.Release|Any CPU.ActiveCfg = Release|Any CPU
		{EFA9C8AC-549D-4919-BE3B-B58386947908}.Release|Any CPU.Build.0 = Release|Any CPU
		{EFA9C8AC-549D-4919-BE3B-B58386947908}.Release|x64.ActiveCfg = Release|Any CPU
		{EFA9C8AC-549D-4919-BE3B-B58386947908}.Release|x64.Build.0 = Release|Any CPU
		{EFA9C8AC-549D-4919-BE3B-B58386947908}.Release|x86.ActiveCfg = Release|Any CPU
		{EFA9C8AC-549D-4919-BE3B-B58386947908}.Release|x86.Build.0 = Release|Any CPU
		{CF76D2FF-2C62-4151-93D3-7715E9EF6A5D}.Debug|Any CPU.ActiveCfg = Debug|Any CPU
		{CF76D2FF-2C62-4151-93D3-7715E9EF6A5D}.Debug|Any CPU.Build.0 = Debug|Any CPU
		{CF76D2FF-2C62-4151-93D3-7715E9EF6A5D}.Debug|x64.ActiveCfg = Debug|Any CPU
		{CF76D2FF-2C62-4151-93D3-7715E9EF6A5D}.Debug|x64.Build.0 = Debug|Any CPU
		{CF76D2FF-2C62-4151-93D3-7715E9EF6A5D}.Debug|x86.ActiveCfg = Debug|Any CPU
		{CF76D2FF-2C62-4151-93D3-7715E9EF6A5D}.Debug|x86.Build.0 = Debug|Any CPU
		{CF76D2FF-2C62-4151-93D3-7715E9EF6A5D}.Release|Any CPU.ActiveCfg = Release|Any CPU
		{CF76D2FF-2C62-4151-93D3-7715E9EF6A5D}.Release|Any CPU.Build.0 = Release|Any CPU
		{CF76D2FF-2C62-4151-93D3-7715E9EF6A5D}.Release|x64.ActiveCfg = Release|Any CPU
		{CF76D2FF-2C62-4151-93D3-7715E9EF6A5D}.Release|x64.Build.0 = Release|Any CPU
		{CF76D2FF-2C62-4151-93D3-7715E9EF6A5D}.Release|x86.ActiveCfg = Release|Any CPU
		{CF76D2FF-2C62-4151-93D3-7715E9EF6A5D}.Release|x86.Build.0 = Release|Any CPU
	EndGlobalSection
	GlobalSection(SolutionProperties) = preSolution
		HideSolutionNode = FALSE
	EndGlobalSection
	GlobalSection(NestedProjects) = preSolution
		{EFA9C8AC-549D-4919-BE3B-B58386947908} = {50216597-BDEE-4A04-B737-D9C7CD753653}
		{CF76D2FF-2C62-4151-93D3-7715E9EF6A5D} = {50216597-BDEE-4A04-B737-D9C7CD753653}
		{26CBD8AF-04D5-4E52-8FDE-134AE810BE88} = {B599D6C7-953C-4080-AFF9-37BF98FD9C20}
		{04D51365-5125-4231-BE2A-C00016DA96C6} = {B599D6C7-953C-4080-AFF9-37BF98FD9C20}
		{BB9FC0F2-57ED-498F-90B3-8819A9315779} = {B599D6C7-953C-4080-AFF9-37BF98FD9C20}
	EndGlobalSection
	GlobalSection(ExtensibilityGlobals) = postSolution
		SolutionGuid = {31BD334C-6711-44FF-B3E4-FAAC3A5D2F3A}
	EndGlobalSection
EndGlobal
